
Microsoft Visual Studio Solution File, Format Version 12.00
# Visual Studio Version 17
VisualStudioVersion = 17.9.34701.34
MinimumVisualStudioVersion = 10.0.40219.1
Project("{9A19103F-16F7-4668-BE54-9A1E7A4F7556}") = "Model", "Model\Model.csproj", "{8D77A4F6-6663-4459-88D6-B004B0EF3B5F}"
EndProject
Project("{9A19103F-16F7-4668-BE54-9A1E7A4F7556}") = "Services", "Services\Services.csproj", "{F955E9DA-9638-44E7-92AF-907F0CAC3450}"
	ProjectSection(ProjectDependencies) = postProject
		{72F6E635-053F-4D42-A44A-7867B856E690} = {72F6E635-053F-4D42-A44A-7867B856E690}
		{8D77A4F6-6663-4459-88D6-B004B0EF3B5F} = {8D77A4F6-6663-4459-88D6-B004B0EF3B5F}
		{9A3FD5D8-02D3-465F-8F63-A9C5BBC94FC2} = {9A3FD5D8-02D3-465F-8F63-A9C5BBC94FC2}
	EndProjectSection
EndProject
Project("{9A19103F-16F7-4668-BE54-9A1E7A4F7556}") = "ViewModels", "ViewModels\ViewModels.csproj", "{9A3FD5D8-02D3-465F-8F63-A9C5BBC94FC2}"
	ProjectSection(ProjectDependencies) = postProject
		{8D77A4F6-6663-4459-88D6-B004B0EF3B5F} = {8D77A4F6-6663-4459-88D6-B004B0EF3B5F}
	EndProjectSection
EndProject
Project("{9A19103F-16F7-4668-BE54-9A1E7A4F7556}") = "DAL", "DAL\DAL.csproj", "{72F6E635-053F-4D42-A44A-7867B856E690}"
	ProjectSection(ProjectDependencies) = postProject
		{8D77A4F6-6663-4459-88D6-B004B0EF3B5F} = {8D77A4F6-6663-4459-88D6-B004B0EF3B5F}
	EndProjectSection
EndProject
Project("{9A19103F-16F7-4668-BE54-9A1E7A4F7556}") = "Web", "Web\Web.csproj", "{3E0DB13E-10C3-4940-BFCC-A1C9B4D963DB}"
	ProjectSection(ProjectDependencies) = postProject
		{72F6E635-053F-4D42-A44A-7867B856E690} = {72F6E635-053F-4D42-A44A-7867B856E690}
		{8D77A4F6-6663-4459-88D6-B004B0EF3B5F} = {8D77A4F6-6663-4459-88D6-B004B0EF3B5F}
		{9A3FD5D8-02D3-465F-8F63-A9C5BBC94FC2} = {9A3FD5D8-02D3-465F-8F63-A9C5BBC94FC2}
		{F955E9DA-9638-44E7-92AF-907F0CAC3450} = {F955E9DA-9638-44E7-92AF-907F0CAC3450}
	EndProjectSection
EndProject
Project("{FAE04EC0-301F-11D3-BF4B-00C04F79EFBC}") = "Tests", "Tests\Tests.csproj", "{C4F7F1B9-ECD7-41D8-8379-8F138091E2FA}"
	ProjectSection(ProjectDependencies) = postProject
		{72F6E635-053F-4D42-A44A-7867B856E690} = {72F6E635-053F-4D42-A44A-7867B856E690}
		{8D77A4F6-6663-4459-88D6-B004B0EF3B5F} = {8D77A4F6-6663-4459-88D6-B004B0EF3B5F}
		{F955E9DA-9638-44E7-92AF-907F0CAC3450} = {F955E9DA-9638-44E7-92AF-907F0CAC3450}
	EndProjectSection
EndProject
Global
	GlobalSection(SolutionConfigurationPlatforms) = preSolution
		Debug|Any CPU = Debug|Any CPU
		Release|Any CPU = Release|Any CPU
	EndGlobalSection
	GlobalSection(ProjectConfigurationPlatforms) = postSolution
		{8D77A4F6-6663-4459-88D6-B004B0EF3B5F}.Debug|Any CPU.ActiveCfg = Debug|Any CPU
		{8D77A4F6-6663-4459-88D6-B004B0EF3B5F}.Debug|Any CPU.Build.0 = Debug|Any CPU
		{8D77A4F6-6663-4459-88D6-B004B0EF3B5F}.Release|Any CPU.ActiveCfg = Release|Any CPU
		{8D77A4F6-6663-4459-88D6-B004B0EF3B5F}.Release|Any CPU.Build.0 = Release|Any CPU
		{F955E9DA-9638-44E7-92AF-907F0CAC3450}.Debug|Any CPU.ActiveCfg = Debug|Any CPU
		{F955E9DA-9638-44E7-92AF-907F0CAC3450}.Debug|Any CPU.Build.0 = Debug|Any CPU
		{F955E9DA-9638-44E7-92AF-907F0CAC3450}.Release|Any CPU.ActiveCfg = Release|Any CPU
		{F955E9DA-9638-44E7-92AF-907F0CAC3450}.Release|Any CPU.Build.0 = Release|Any CPU
		{9A3FD5D8-02D3-465F-8F63-A9C5BBC94FC2}.Debug|Any CPU.ActiveCfg = Debug|Any CPU
		{9A3FD5D8-02D3-465F-8F63-A9C5BBC94FC2}.Debug|Any CPU.Build.0 = Debug|Any CPU
		{9A3FD5D8-02D3-465F-8F63-A9C5BBC94FC2}.Release|Any CPU.ActiveCfg = Release|Any CPU
		{9A3FD5D8-02D3-465F-8F63-A9C5BBC94FC2}.Release|Any CPU.Build.0 = Release|Any CPU
		{72F6E635-053F-4D42-A44A-7867B856E690}.Debug|Any CPU.ActiveCfg = Debug|Any CPU
		{72F6E635-053F-4D42-A44A-7867B856E690}.Debug|Any CPU.Build.0 = Debug|Any CPU
		{72F6E635-053F-4D42-A44A-7867B856E690}.Release|Any CPU.ActiveCfg = Release|Any CPU
		{72F6E635-053F-4D42-A44A-7867B856E690}.Release|Any CPU.Build.0 = Release|Any CPU
		{3E0DB13E-10C3-4940-BFCC-A1C9B4D963DB}.Debug|Any CPU.ActiveCfg = Debug|Any CPU
		{3E0DB13E-10C3-4940-BFCC-A1C9B4D963DB}.Debug|Any CPU.Build.0 = Debug|Any CPU
		{3E0DB13E-10C3-4940-BFCC-A1C9B4D963DB}.Release|Any CPU.ActiveCfg = Release|Any CPU
		{3E0DB13E-10C3-4940-BFCC-A1C9B4D963DB}.Release|Any CPU.Build.0 = Release|Any CPU
		{C4F7F1B9-ECD7-41D8-8379-8F138091E2FA}.Debug|Any CPU.ActiveCfg = Debug|Any CPU
		{C4F7F1B9-ECD7-41D8-8379-8F138091E2FA}.Debug|Any CPU.Build.0 = Debug|Any CPU
		{C4F7F1B9-ECD7-41D8-8379-8F138091E2FA}.Release|Any CPU.ActiveCfg = Release|Any CPU
		{C4F7F1B9-ECD7-41D8-8379-8F138091E2FA}.Release|Any CPU.Build.0 = Release|Any CPU
	EndGlobalSection
	GlobalSection(SolutionProperties) = preSolution
		HideSolutionNode = FALSE
	EndGlobalSection
	GlobalSection(ExtensibilityGlobals) = postSolution
		SolutionGuid = {95AF30C8-F04F-4F2D-BBE0-10CCDB11D40F}
	EndGlobalSection
EndGlobal
